
Microsoft Visual Studio Solution File, Format Version 12.00
# Visual Studio Version 16
VisualStudioVersion = 16.0.29728.190
MinimumVisualStudioVersion = 10.0.40219.1
Project("{FAE04EC0-301F-11D3-BF4B-00C04F79EFBC}") = "TextAnalyzer", "TextAnalyzer\TextAnalyzer.csproj", "{AB2CA2C4-A794-4118-B5EE-1D73A665B64F}"
EndProject
Global
	GlobalSection(SolutionConfigurationPlatforms) = preSolution
		Debug|Any CPU = Debug|Any CPU
		Release|Any CPU = Release|Any CPU
	EndGlobalSection
	GlobalSection(ProjectConfigurationPlatforms) = postSolution
		{AB2CA2C4-A794-4118-B5EE-1D73A665B64F}.Debug|Any CPU.ActiveCfg = Debug|Any CPU
		{AB2CA2C4-A794-4118-B5EE-1D73A665B64F}.Debug|Any CPU.Build.0 = Debug|Any CPU
		{AB2CA2C4-A794-4118-B5EE-1D73A665B64F}.Release|Any CPU.ActiveCfg = Release|Any CPU
		{AB2CA2C4-A794-4118-B5EE-1D73A665B64F}.Release|Any CPU.Build.0 = Release|Any CPU
	EndGlobalSection
	GlobalSection(SolutionProperties) = preSolution
		HideSolutionNode = FALSE
	EndGlobalSection
	GlobalSection(ExtensibilityGlobals) = postSolution
		SolutionGuid = {7D1CA6A5-405E-41F1-BF0E-784661F1534F}
	EndGlobalSection
EndGlobal
